
Microsoft Visual Studio Solution File, Format Version 12.00
# Visual Studio 15
VisualStudioVersion = 15.0.27703.2042
MinimumVisualStudioVersion = 10.0.40219.1
Project("{FAE04EC0-301F-11D3-BF4B-00C04F79EFBC}") = "DidacticalEnigma", "DidacticalEnigma\DidacticalEnigma.csproj", "{BA5B8792-EAF8-4A87-B58E-225290FD14A0}"
EndProject
Project("{9A19103F-16F7-4668-BE54-9A1E7A4F7556}") = "JDict", "JDict\JDict.csproj", "{82E18376-40E8-4F9D-BC46-E166354BCCB3}"
EndProject
Project("{FAE04EC0-301F-11D3-BF4B-00C04F79EFBC}") = "JDict.Tests", "JDict.Tests\JDict.Tests.csproj", "{E8AC3ADD-FE61-4961-8663-0C6E90F7F033}"
EndProject
Project("{9A19103F-16F7-4668-BE54-9A1E7A4F7556}") = "DidacticalEnigma.Core", "DidacticalEnigma.Core\DidacticalEnigma.Core.csproj", "{72613547-03D0-4CDE-AE3E-946451E99726}"
EndProject
Project("{9A19103F-16F7-4668-BE54-9A1E7A4F7556}") = "DidacticalEnigma.Avalonia", "DidacticalEnigma.Avalonia\DidacticalEnigma.Avalonia.csproj", "{EE231E09-1275-48D6-8F31-4812FA98664A}"
EndProject
Project("{2150E333-8FDC-42A3-9474-1A3956D46DE8}") = "Scripts", "Scripts", "{EE43707F-AF5D-4211-A24F-55DA492139A6}"
	ProjectSection(SolutionItems) = preProject
		Scripts\postBuild.bat = Scripts\postBuild.bat
	EndProjectSection
EndProject
Project("{9A19103F-16F7-4668-BE54-9A1E7A4F7556}") = "Utility", "Utility\Utility.csproj", "{6014EDB7-3375-4D85-90A5-4DB7638D7B39}"
EndProject
Project("{9A19103F-16F7-4668-BE54-9A1E7A4F7556}") = "TinyIndex", "TinyIndex\TinyIndex\TinyIndex.csproj", "{41B81C6B-C466-4C3F-8460-3EF2288A33D8}"
EndProject
Project("{9A19103F-16F7-4668-BE54-9A1E7A4F7556}") = "FuzzySharp", "FuzzySharp\FuzzySharp\FuzzySharp.csproj", "{9258628C-D4E8-4FFD-BD86-D8B599A7A27A}"
EndProject
Project("{9A19103F-16F7-4668-BE54-9A1E7A4F7556}") = "KanjiRecognition.Core", "KanjiRecognition.Core\KanjiRecognition.Core.csproj", "{5BD6F215-64F0-462B-B454-0ED1FA01C9FF}"
EndProject
Project("{FAE04EC0-301F-11D3-BF4B-00C04F79EFBC}") = "KanjiRecognition.TestApp", "KanjiRecognition.TestApp\KanjiRecognition.TestApp.csproj", "{FF35515D-8454-4FFA-B18E-B7CBC4077195}"
EndProject
Project("{FAE04EC0-301F-11D3-BF4B-00C04F79EFBC}") = "TinyIndex.Tests", "TinyIndex\TinyIndex.Tests\TinyIndex.Tests.csproj", "{0AF2807A-5A24-430E-B58D-13B40723CC6B}"
EndProject
Project("{9A19103F-16F7-4668-BE54-9A1E7A4F7556}") = "FuzzySharp.Test", "FuzzySharp\FuzzySharp.Test\FuzzySharp.Test.csproj", "{F58EAF76-38E9-45B5-A2B2-B9CE8F9EAD7E}"
EndProject
Global
	GlobalSection(SolutionConfigurationPlatforms) = preSolution
		Debug|Any CPU = Debug|Any CPU
		Release|Any CPU = Release|Any CPU
	EndGlobalSection
	GlobalSection(ProjectConfigurationPlatforms) = postSolution
		{BA5B8792-EAF8-4A87-B58E-225290FD14A0}.Debug|Any CPU.ActiveCfg = Debug|Any CPU
		{BA5B8792-EAF8-4A87-B58E-225290FD14A0}.Debug|Any CPU.Build.0 = Debug|Any CPU
		{BA5B8792-EAF8-4A87-B58E-225290FD14A0}.Release|Any CPU.ActiveCfg = Release|Any CPU
		{BA5B8792-EAF8-4A87-B58E-225290FD14A0}.Release|Any CPU.Build.0 = Release|Any CPU
		{82E18376-40E8-4F9D-BC46-E166354BCCB3}.Debug|Any CPU.ActiveCfg = Debug|Any CPU
		{82E18376-40E8-4F9D-BC46-E166354BCCB3}.Debug|Any CPU.Build.0 = Debug|Any CPU
		{82E18376-40E8-4F9D-BC46-E166354BCCB3}.Release|Any CPU.ActiveCfg = Release|Any CPU
		{82E18376-40E8-4F9D-BC46-E166354BCCB3}.Release|Any CPU.Build.0 = Release|Any CPU
		{E8AC3ADD-FE61-4961-8663-0C6E90F7F033}.Debug|Any CPU.ActiveCfg = Debug|Any CPU
		{E8AC3ADD-FE61-4961-8663-0C6E90F7F033}.Debug|Any CPU.Build.0 = Debug|Any CPU
		{E8AC3ADD-FE61-4961-8663-0C6E90F7F033}.Release|Any CPU.ActiveCfg = Release|Any CPU
		{E8AC3ADD-FE61-4961-8663-0C6E90F7F033}.Release|Any CPU.Build.0 = Release|Any CPU
		{72613547-03D0-4CDE-AE3E-946451E99726}.Debug|Any CPU.ActiveCfg = Debug|Any CPU
		{72613547-03D0-4CDE-AE3E-946451E99726}.Debug|Any CPU.Build.0 = Debug|Any CPU
		{72613547-03D0-4CDE-AE3E-946451E99726}.Release|Any CPU.ActiveCfg = Release|Any CPU
		{72613547-03D0-4CDE-AE3E-946451E99726}.Release|Any CPU.Build.0 = Release|Any CPU
		{EE231E09-1275-48D6-8F31-4812FA98664A}.Debug|Any CPU.ActiveCfg = Debug|Any CPU
		{EE231E09-1275-48D6-8F31-4812FA98664A}.Debug|Any CPU.Build.0 = Debug|Any CPU
		{EE231E09-1275-48D6-8F31-4812FA98664A}.Release|Any CPU.ActiveCfg = Release|Any CPU
		{EE231E09-1275-48D6-8F31-4812FA98664A}.Release|Any CPU.Build.0 = Release|Any CPU
		{6014EDB7-3375-4D85-90A5-4DB7638D7B39}.Debug|Any CPU.ActiveCfg = Debug|Any CPU
		{6014EDB7-3375-4D85-90A5-4DB7638D7B39}.Debug|Any CPU.Build.0 = Debug|Any CPU
		{6014EDB7-3375-4D85-90A5-4DB7638D7B39}.Release|Any CPU.ActiveCfg = Release|Any CPU
		{6014EDB7-3375-4D85-90A5-4DB7638D7B39}.Release|Any CPU.Build.0 = Release|Any CPU
		{41B81C6B-C466-4C3F-8460-3EF2288A33D8}.Debug|Any CPU.ActiveCfg = Debug|Any CPU
		{41B81C6B-C466-4C3F-8460-3EF2288A33D8}.Debug|Any CPU.Build.0 = Debug|Any CPU
		{41B81C6B-C466-4C3F-8460-3EF2288A33D8}.Release|Any CPU.ActiveCfg = Release|Any CPU
		{41B81C6B-C466-4C3F-8460-3EF2288A33D8}.Release|Any CPU.Build.0 = Release|Any CPU
		{9258628C-D4E8-4FFD-BD86-D8B599A7A27A}.Debug|Any CPU.ActiveCfg = Debug|Any CPU
		{9258628C-D4E8-4FFD-BD86-D8B599A7A27A}.Debug|Any CPU.Build.0 = Debug|Any CPU
		{9258628C-D4E8-4FFD-BD86-D8B599A7A27A}.Release|Any CPU.ActiveCfg = Release|Any CPU
		{9258628C-D4E8-4FFD-BD86-D8B599A7A27A}.Release|Any CPU.Build.0 = Release|Any CPU
		{5BD6F215-64F0-462B-B454-0ED1FA01C9FF}.Debug|Any CPU.ActiveCfg = Debug|Any CPU
		{5BD6F215-64F0-462B-B454-0ED1FA01C9FF}.Debug|Any CPU.Build.0 = Debug|Any CPU
		{5BD6F215-64F0-462B-B454-0ED1FA01C9FF}.Release|Any CPU.ActiveCfg = Release|Any CPU
		{5BD6F215-64F0-462B-B454-0ED1FA01C9FF}.Release|Any CPU.Build.0 = Release|Any CPU
		{FF35515D-8454-4FFA-B18E-B7CBC4077195}.Debug|Any CPU.ActiveCfg = Debug|Any CPU
		{FF35515D-8454-4FFA-B18E-B7CBC4077195}.Debug|Any CPU.Build.0 = Debug|Any CPU
		{FF35515D-8454-4FFA-B18E-B7CBC4077195}.Release|Any CPU.ActiveCfg = Release|Any CPU
		{FF35515D-8454-4FFA-B18E-B7CBC4077195}.Release|Any CPU.Build.0 = Release|Any CPU
		{0AF2807A-5A24-430E-B58D-13B40723CC6B}.Debug|Any CPU.ActiveCfg = Debug|Any CPU
		{0AF2807A-5A24-430E-B58D-13B40723CC6B}.Debug|Any CPU.Build.0 = Debug|Any CPU
		{0AF2807A-5A24-430E-B58D-13B40723CC6B}.Release|Any CPU.ActiveCfg = Release|Any CPU
		{0AF2807A-5A24-430E-B58D-13B40723CC6B}.Release|Any CPU.Build.0 = Release|Any CPU
		{F58EAF76-38E9-45B5-A2B2-B9CE8F9EAD7E}.Debug|Any CPU.ActiveCfg = Debug|Any CPU
		{F58EAF76-38E9-45B5-A2B2-B9CE8F9EAD7E}.Debug|Any CPU.Build.0 = Debug|Any CPU
		{F58EAF76-38E9-45B5-A2B2-B9CE8F9EAD7E}.Release|Any CPU.ActiveCfg = Release|Any CPU
		{F58EAF76-38E9-45B5-A2B2-B9CE8F9EAD7E}.Release|Any CPU.Build.0 = Release|Any CPU
	EndGlobalSection
	GlobalSection(SolutionProperties) = preSolution
		HideSolutionNode = FALSE
	EndGlobalSection
	GlobalSection(ExtensibilityGlobals) = postSolution
		SolutionGuid = {52ACD055-77F3-4367-80F9-6355E4A52D43}
	EndGlobalSection
EndGlobal
