
Microsoft Visual Studio Solution File, Format Version 12.00
# Visual Studio 15
VisualStudioVersion = 15.0.27703.2042
MinimumVisualStudioVersion = 10.0.40219.1
Project("{FAE04EC0-301F-11D3-BF4B-00C04F79EFBC}") = "DidacticalEnigma", "DidacticalEnigma\DidacticalEnigma.csproj", "{BA5B8792-EAF8-4A87-B58E-225290FD14A0}"
EndProject
Project("{FAE04EC0-301F-11D3-BF4B-00C04F79EFBC}") = "JDict", "JDict\JDict.csproj", "{82E18376-40E8-4F9D-BC46-E166354BCCB3}"
EndProject
Global
	GlobalSection(SolutionConfigurationPlatforms) = preSolution
		Debug|Any CPU = Debug|Any CPU
		Release|Any CPU = Release|Any CPU
	EndGlobalSection
	GlobalSection(ProjectConfigurationPlatforms) = postSolution
		{BA5B8792-EAF8-4A87-B58E-225290FD14A0}.Debug|Any CPU.ActiveCfg = Debug|Any CPU
		{BA5B8792-EAF8-4A87-B58E-225290FD14A0}.Debug|Any CPU.Build.0 = Debug|Any CPU
		{BA5B8792-EAF8-4A87-B58E-225290FD14A0}.Release|Any CPU.ActiveCfg = Release|Any CPU
		{BA5B8792-EAF8-4A87-B58E-225290FD14A0}.Release|Any CPU.Build.0 = Release|Any CPU
		{82E18376-40E8-4F9D-BC46-E166354BCCB3}.Debug|Any CPU.ActiveCfg = Debug|Any CPU
		{82E18376-40E8-4F9D-BC46-E166354BCCB3}.Debug|Any CPU.Build.0 = Debug|Any CPU
		{82E18376-40E8-4F9D-BC46-E166354BCCB3}.Release|Any CPU.ActiveCfg = Release|Any CPU
		{82E18376-40E8-4F9D-BC46-E166354BCCB3}.Release|Any CPU.Build.0 = Release|Any CPU
	EndGlobalSection
	GlobalSection(SolutionProperties) = preSolution
		HideSolutionNode = FALSE
	EndGlobalSection
	GlobalSection(ExtensibilityGlobals) = postSolution
		SolutionGuid = {52ACD055-77F3-4367-80F9-6355E4A52D43}
	EndGlobalSection
EndGlobal
