
Microsoft Visual Studio Solution File, Format Version 12.00
# Visual Studio 15
VisualStudioVersion = 15.0.27703.2042
MinimumVisualStudioVersion = 10.0.40219.1
Project("{FAE04EC0-301F-11D3-BF4B-00C04F79EFBC}") = "DidacticalEnigma", "DidacticalEnigma\DidacticalEnigma.csproj", "{BA5B8792-EAF8-4A87-B58E-225290FD14A0}"
EndProject
Project("{9A19103F-16F7-4668-BE54-9A1E7A4F7556}") = "JDict", "JDict\JDict.csproj", "{82E18376-40E8-4F9D-BC46-E166354BCCB3}"
EndProject
Project("{FAE04EC0-301F-11D3-BF4B-00C04F79EFBC}") = "JDict.Tests", "JDict.Tests\JDict.Tests.csproj", "{E8AC3ADD-FE61-4961-8663-0C6E90F7F033}"
EndProject
Project("{9A19103F-16F7-4668-BE54-9A1E7A4F7556}") = "DidacticalEnigma.Core", "DidacticalEnigma.Core\DidacticalEnigma.Core.csproj", "{72613547-03D0-4CDE-AE3E-946451E99726}"
EndProject
Project("{9A19103F-16F7-4668-BE54-9A1E7A4F7556}") = "DidacticalEnigma.Avalonia", "DidacticalEnigma.Avalonia\DidacticalEnigma.Avalonia.csproj", "{EE231E09-1275-48D6-8F31-4812FA98664A}"
EndProject
Project("{2150E333-8FDC-42A3-9474-1A3956D46DE8}") = "Scripts", "Scripts", "{EE43707F-AF5D-4211-A24F-55DA492139A6}"
	ProjectSection(SolutionItems) = preProject
		Scripts\postBuild.bat = Scripts\postBuild.bat
	EndProjectSection
EndProject
Global
	GlobalSection(SolutionConfigurationPlatforms) = preSolution
		Debug|Any CPU = Debug|Any CPU
		Release|Any CPU = Release|Any CPU
	EndGlobalSection
	GlobalSection(ProjectConfigurationPlatforms) = postSolution
		{BA5B8792-EAF8-4A87-B58E-225290FD14A0}.Debug|Any CPU.ActiveCfg = Debug|Any CPU
		{BA5B8792-EAF8-4A87-B58E-225290FD14A0}.Debug|Any CPU.Build.0 = Debug|Any CPU
		{BA5B8792-EAF8-4A87-B58E-225290FD14A0}.Release|Any CPU.ActiveCfg = Release|Any CPU
		{BA5B8792-EAF8-4A87-B58E-225290FD14A0}.Release|Any CPU.Build.0 = Release|Any CPU
		{82E18376-40E8-4F9D-BC46-E166354BCCB3}.Debug|Any CPU.ActiveCfg = Debug|Any CPU
		{82E18376-40E8-4F9D-BC46-E166354BCCB3}.Debug|Any CPU.Build.0 = Debug|Any CPU
		{82E18376-40E8-4F9D-BC46-E166354BCCB3}.Release|Any CPU.ActiveCfg = Release|Any CPU
		{82E18376-40E8-4F9D-BC46-E166354BCCB3}.Release|Any CPU.Build.0 = Release|Any CPU
		{E8AC3ADD-FE61-4961-8663-0C6E90F7F033}.Debug|Any CPU.ActiveCfg = Debug|Any CPU
		{E8AC3ADD-FE61-4961-8663-0C6E90F7F033}.Debug|Any CPU.Build.0 = Debug|Any CPU
		{E8AC3ADD-FE61-4961-8663-0C6E90F7F033}.Release|Any CPU.ActiveCfg = Release|Any CPU
		{E8AC3ADD-FE61-4961-8663-0C6E90F7F033}.Release|Any CPU.Build.0 = Release|Any CPU
		{72613547-03D0-4CDE-AE3E-946451E99726}.Debug|Any CPU.ActiveCfg = Debug|Any CPU
		{72613547-03D0-4CDE-AE3E-946451E99726}.Debug|Any CPU.Build.0 = Debug|Any CPU
		{72613547-03D0-4CDE-AE3E-946451E99726}.Release|Any CPU.ActiveCfg = Release|Any CPU
		{72613547-03D0-4CDE-AE3E-946451E99726}.Release|Any CPU.Build.0 = Release|Any CPU
		{EE231E09-1275-48D6-8F31-4812FA98664A}.Debug|Any CPU.ActiveCfg = Debug|Any CPU
		{EE231E09-1275-48D6-8F31-4812FA98664A}.Debug|Any CPU.Build.0 = Debug|Any CPU
		{EE231E09-1275-48D6-8F31-4812FA98664A}.Release|Any CPU.ActiveCfg = Release|Any CPU
		{EE231E09-1275-48D6-8F31-4812FA98664A}.Release|Any CPU.Build.0 = Release|Any CPU
	EndGlobalSection
	GlobalSection(SolutionProperties) = preSolution
		HideSolutionNode = FALSE
	EndGlobalSection
	GlobalSection(ExtensibilityGlobals) = postSolution
		SolutionGuid = {52ACD055-77F3-4367-80F9-6355E4A52D43}
	EndGlobalSection
EndGlobal
